# THIS IS AN AUTOGENERATED FILE. DO NOT EDIT THIS FILE DIRECTLY.
# yarn lockfile v1


"@angular/router@^6.0.3":
  version "6.0.3"
  resolved "https://registry.yarnpkg.com/@angular/router/-/router-6.0.3.tgz#c2b63401c30788b78c90e4209cd06a653eae6428"
  dependencies:
    tslib "^1.9.0"

"@ngrx/effects@^6.0.1":
  version "6.0.1"
  resolved "https://registry.yarnpkg.com/@ngrx/effects/-/effects-6.0.1.tgz#b4c0a7918b8c9a4dbc2a663ea7562bea5db21257"

"@ngrx/router-store@^6.0.1":
  version "6.0.1"
  resolved "https://registry.yarnpkg.com/@ngrx/router-store/-/router-store-6.0.1.tgz#1c5c77b138eaed030b58f4203bf921e88cc51112"

"@ngrx/store@^6.0.1":
  version "6.0.1"
  resolved "https://registry.yarnpkg.com/@ngrx/store/-/store-6.0.1.tgz#02c806ce20c698b997e81f5671e0edc07d32cf86"

rxjs@^6.2.0:
  version "6.2.0"
  resolved "https://registry.yarnpkg.com/rxjs/-/rxjs-6.2.0.tgz#e024d0e180b72756a83c2aaea8f25423751ba978"
  dependencies:
    tslib "^1.9.0"

tslib@^1.9.0:
  version "1.9.1"
  resolved "https://registry.yarnpkg.com/tslib/-/tslib-1.9.1.tgz#a5d1f0532a49221c87755cfcc89ca37197242ba7"
